github.com/Knetic/govaluate v3.0.0+incompatible h1:7o6+MAPhYTCF0+fdvoz1xDedhRb4f6s9Tn1Tt7/WTEg=
github.com/Knetic/govaluate v3.0.0+incompatible/go.mod h1:r7JcOSlj0wfOMncg0iLm8Leh48TZaKVeNIfJntJ2wa0=
github.com/kurogee/wagyu-script/array v0.0.0-20240803111224-f40361aab14e h1:Q+zhWDrJG3lxEq9wZ2e65CCna8GRl4jMpavfz5r8s8w=
github.com/kurogee/wagyu-script/array v0.0.0-20240803111224-f40361aab14e/go.mod h1:540xqUgRaGqKGv47LvRDFQaqRLLYHT4XmVOPb4Qnmek=
github.com/kurogee/wagyu-script/date v0.0.0-20240803111224-f40361aab14e h1:Q31wpjedhZb58EhN5S1HE5PfMqovwa+gpaugCCb3hQw=
github.com/kurogee/wagyu-script/date v0.0.0-20240803111224-f40361aab14e/go.mod h1:eppcZtOHKETqj945s1OlaYDG/1GHjn9DQDZZYPbrdZ8=
github.com/kurogee/wagyu-script/file v0.0.0-20240803111224-f40361aab14e h1:CTPkFSjAkFQsJRJuIxOkzkWC2Ps/yF51PPlf5Jpz8RE=
github.com/kurogee/wagyu-script/file v0.0.0-20240803111224-f40361aab14e/go.mod h1:+bgWKivGUjQdzC29QWaxOMW4KlJmIUEmkm12wOF+Xps=
github.com/kurogee/wagyu-script/get v0.0.0-20240803111224-f40361aab14e h1:Iv68ZMaOxkViYXC1CkX+K31p6fi6MyyVpN5AsCuiItA=
github.com/kurogee/wagyu-script/get v0.0.0-20240803111224-f40361aab14e/go.mod h1:ZZlVk5YwvtP+oJte1ZFbdVSVSgBaYpErOkihmUV05WY=
github.com/kurogee/wagyu-script/maths v0.0.0-20240803111224-f40361aab14e h1:GTSL7cEWEbHgkOsJvR/68sb5Ufyx1km7Zy43zhDRjHA=
github.com/kurogee/wagyu-script/maths v0.0.0-20240803111224-f40361aab14e/go.mod h1:mPcxmIpCt7iQwOzvSDnpOFXZ3uQr7SomD5ktE1qVuV0=
github.com/kurogee/wagyu-script/string v0.0.0-20240803111224-f40361aab14e h1:s13Ttha3x0pw1WEo/YeF7mKY31f9g+kfrH4cjQw9Ki0=
github.com/kurogee/wagyu-script/string v0.0.0-20240803111224-f40361aab14e/go.mod h1:0sm84thWoDQcUba7yv0nSpS5YT1LC/Jtqk3PBBMMLO4=
