github.com/Knetic/govaluate v3.0.0+incompatible h1:7o6+MAPhYTCF0+fdvoz1xDedhRb4f6s9Tn1Tt7/WTEg=
github.com/Knetic/govaluate v3.0.0+incompatible/go.mod h1:r7JcOSlj0wfOMncg0iLm8Leh48TZaKVeNIfJntJ2wa0=
github.com/kurogee/wagyu-script/array v0.0.0-20240807231231-014447a83397 h1:e3PFmw0O1+yQXOYMcvfhO+d7QvzaXUucYUaTcLT5NV4=
github.com/kurogee/wagyu-script/array v0.0.0-20240807231231-014447a83397/go.mod h1:540xqUgRaGqKGv47LvRDFQaqRLLYHT4XmVOPb4Qnmek=
github.com/kurogee/wagyu-script/date v0.0.0-20240807231231-014447a83397 h1:6oNsuUNdKhFC4CTek6VfJD1FNYHRabjM/D25zrzQkgw=
github.com/kurogee/wagyu-script/date v0.0.0-20240807231231-014447a83397/go.mod h1:eppcZtOHKETqj945s1OlaYDG/1GHjn9DQDZZYPbrdZ8=
github.com/kurogee/wagyu-script/file v0.0.0-20240807231231-014447a83397 h1:0PVdJZD9gR3eOz14fxUw5yO9ejlT1WQl8H8WTWA/TxY=
github.com/kurogee/wagyu-script/file v0.0.0-20240807231231-014447a83397/go.mod h1:+bgWKivGUjQdzC29QWaxOMW4KlJmIUEmkm12wOF+Xps=
github.com/kurogee/wagyu-script/get v0.0.0-20240807231231-014447a83397 h1:gY3ND6w8sYrn27YdyOk3ZgAxf7DbRnQvbaLIhBKBF64=
github.com/kurogee/wagyu-script/get v0.0.0-20240807231231-014447a83397/go.mod h1:ZZlVk5YwvtP+oJte1ZFbdVSVSgBaYpErOkihmUV05WY=
github.com/kurogee/wagyu-script/maths v0.0.0-20240807231231-014447a83397 h1:+VeHf9U/Cvr+saEJRw3v77+i3+0bzayg/Kp/7rxKms0=
github.com/kurogee/wagyu-script/maths v0.0.0-20240807231231-014447a83397/go.mod h1:mPcxmIpCt7iQwOzvSDnpOFXZ3uQr7SomD5ktE1qVuV0=
github.com/kurogee/wagyu-script/regex v0.0.0-20240807231231-014447a83397 h1:V56QSlwU07oLcvICoD7gt74EvAQl/7FLskCgBpAVD6U=
github.com/kurogee/wagyu-script/regex v0.0.0-20240807231231-014447a83397/go.mod h1:WTCDAMpuZnmwnn2J/Tm3JaJPM54b/5Bx341DUPATI08=
github.com/kurogee/wagyu-script/string v0.0.0-20240807231231-014447a83397 h1:A9LKLCUciKYRYePBV+rrt8DcoE8I1TR/fnCTM4RT/CQ=
github.com/kurogee/wagyu-script/string v0.0.0-20240807231231-014447a83397/go.mod h1:0sm84thWoDQcUba7yv0nSpS5YT1LC/Jtqk3PBBMMLO4=
