github.com/Knetic/govaluate v3.0.0+incompatible h1:7o6+MAPhYTCF0+fdvoz1xDedhRb4f6s9Tn1Tt7/WTEg=
github.com/Knetic/govaluate v3.0.0+incompatible/go.mod h1:r7JcOSlj0wfOMncg0iLm8Leh48TZaKVeNIfJntJ2wa0=
github.com/kurogee/wagyu-script/array v0.0.0-20240810104005-e4db7201ffda h1:2uLWWqUfp+f5cBWgPllfItX/zrCA1wkjUS/owuZ1hks=
github.com/kurogee/wagyu-script/array v0.0.0-20240810104005-e4db7201ffda/go.mod h1:ket4pOn1uHlXR5MVJIS9mPrWAdc9nKrLv7VBPh2oYpw=
github.com/kurogee/wagyu-script/date v0.0.0-20240810104005-e4db7201ffda h1:KgUHKHnQWgdX3zLV05LzrTUZn2r6GQx50KcPyir5Qvw=
github.com/kurogee/wagyu-script/date v0.0.0-20240810104005-e4db7201ffda/go.mod h1:LYROn9yfaPgFEP4gYrU0vdKwJ18JoKmIoh+C4aadAZE=
github.com/kurogee/wagyu-script/dict v0.0.0-20240810104005-e4db7201ffda h1:GlIVAnF597V+dqm7HGddSqk5aMjCIBkojdhSnVvoEvo=
github.com/kurogee/wagyu-script/dict v0.0.0-20240810104005-e4db7201ffda/go.mod h1:WLL6ZGwZrjE732aFHCVKL5Xfmv0GymIlsVA1I75pFX4=
github.com/kurogee/wagyu-script/file v0.0.0-20240810104005-e4db7201ffda h1:EJaTKZtgIUlFPpkoS3IeYNHZjQdP8fjo1ReC0krM/fw=
github.com/kurogee/wagyu-script/file v0.0.0-20240810104005-e4db7201ffda/go.mod h1:xillPqEiOrGBzCsEqN/s3xspXGgi8BwIGHTeJzk69fg=
github.com/kurogee/wagyu-script/get v0.0.0-20240810104005-e4db7201ffda h1:kOJNste7uk7webcaTT2aX7kONrzBrNKTvFqBUp7Ge2k=
github.com/kurogee/wagyu-script/get v0.0.0-20240810104005-e4db7201ffda/go.mod h1:9qkhz852fBhuFEoKhWLwdDrj1XhsipHGtUGEe0JhaXc=
github.com/kurogee/wagyu-script/maths v0.0.0-20240810104005-e4db7201ffda h1:tRjVo4iATaC4qtKbE9e3mXUJ29hzfZPWJD4T6015deE=
github.com/kurogee/wagyu-script/maths v0.0.0-20240810104005-e4db7201ffda/go.mod h1:hrDAc8Fc++LMR1cv6c1eXCbaGskopuJ75yOyTW0+ugU=
github.com/kurogee/wagyu-script/regex v0.0.0-20240810104005-e4db7201ffda h1:kzHuDzBEh9xQ3mCnf+Kgm0LRDYBkaAxiSIJ79oa8Xtw=
github.com/kurogee/wagyu-script/regex v0.0.0-20240810104005-e4db7201ffda/go.mod h1:2e7bfQNx/atx/5AS3DeFhO137lokZMRNpUBiqunZ+P0=
github.com/kurogee/wagyu-script/string v0.0.0-20240810104005-e4db7201ffda h1:b9K5Yp2Mqmlmo/d0lXNptYITRKnDU4EGvtArdTDngAI=
github.com/kurogee/wagyu-script/string v0.0.0-20240810104005-e4db7201ffda/go.mod h1:cHtCHuMdLWz6NXUnUoFCj8u8fcajWXNLBqib/11wP30=
github.com/kurogee/wagyu-script/system-split v0.0.0-20240810100830-038e77afc63d h1:4RBpVAvGY4tQeFdiqSdA/BepIDG1XbpR0qB/2ValLM8=
github.com/kurogee/wagyu-script/system-split v0.0.0-20240810100830-038e77afc63d/go.mod h1:5tJtIZZH9dNrxdF3b1mi5n7HCXQcrZnld2dgiUHjV3E=
github.com/kurogee/wagyu-script/system_split v0.0.0-20240810104005-e4db7201ffda h1:/YjhF/ivQyV5lBkNalxvIvPKRBKwAA2gBfV3ongcDbw=
github.com/kurogee/wagyu-script/system_split v0.0.0-20240810104005-e4db7201ffda/go.mod h1:kxbMT5sfP0Vl5AdeLAFg63iRLYeJlf3W2knBt+igiLg=
